
Microsoft Visual Studio Solution File, Format Version 12.00
Project("{FAE04EC0-301F-11D3-BF4B-00C04F79EFBC}") = "TicTacToe", "TicTacToe\TicTacToe.csproj", "{C137EE45-4436-45E3-A27E-9C776392C973}"
EndProject
Global
	GlobalSection(SolutionConfigurationPlatforms) = preSolution
		Debug|Any CPU = Debug|Any CPU
		Release|Any CPU = Release|Any CPU
	EndGlobalSection
	GlobalSection(ProjectConfigurationPlatforms) = postSolution
		{C137EE45-4436-45E3-A27E-9C776392C973}.Debug|Any CPU.ActiveCfg = Debug|Any CPU
		{C137EE45-4436-45E3-A27E-9C776392C973}.Debug|Any CPU.Build.0 = Debug|Any CPU
		{C137EE45-4436-45E3-A27E-9C776392C973}.Release|Any CPU.ActiveCfg = Release|Any CPU
		{C137EE45-4436-45E3-A27E-9C776392C973}.Release|Any CPU.Build.0 = Release|Any CPU
	EndGlobalSection
EndGlobal
